
Microsoft Visual Studio Solution File, Format Version 12.00
# Visual Studio Version 16
VisualStudioVersion = 16.0.29025.244
MinimumVisualStudioVersion = 10.0.40219.1
Project("{9A19103F-16F7-4668-BE54-9A1E7A4F7556}") = "Scheduler.Quartz", "Scheduler.Quartz\Scheduler.Quartz.csproj", "{A1DED17E-1952-4B91-946A-72EEBC191E8B}"
EndProject
Project("{2150E333-8FDC-42A3-9474-1A3956D46DE8}") = "Solution Items", "Solution Items", "{46352D63-4911-41BD-9369-629EDF9B200D}"
	ProjectSection(SolutionItems) = preProject
		appveyor.master.yml = appveyor.master.yml
		appveyor.yml = appveyor.yml
		README.md = README.md
	EndProjectSection
EndProject
Project("{9A19103F-16F7-4668-BE54-9A1E7A4F7556}") = "Scheduler.Quartz.Ioc.Autofac", "Scheduler.Quartz.Ioc.Autofac\Scheduler.Quartz.Ioc.Autofac.csproj", "{035D88D2-C487-43E2-868A-05BA00B66FA7}"
EndProject
Project("{2150E333-8FDC-42A3-9474-1A3956D46DE8}") = "examples", "examples", "{8C7888FD-0CDC-4CC0-9CE4-FE75D2483C53}"
	ProjectSection(SolutionItems) = preProject
		examples\readme.md = examples\readme.md
	EndProjectSection
EndProject
Project("{9A19103F-16F7-4668-BE54-9A1E7A4F7556}") = "NetCore.ConsoleAsWindowsService", "examples\NetCore.ConsoleAsWindowsService\NetCore.ConsoleAsWindowsService.csproj", "{54A89462-18A9-45E1-8A6E-70A8EFE74FD6}"
EndProject
Project("{9A19103F-16F7-4668-BE54-9A1E7A4F7556}") = "Core.Models", "examples\Core.Models\Core.Models.csproj", "{AFC69B5C-15E2-4CF4-8306-F8184B72160F}"
EndProject
Project("{9A19103F-16F7-4668-BE54-9A1E7A4F7556}") = "Core.Models.Tests", "examples\Core.Models.Tests\Core.Models.Tests.csproj", "{210AB97C-0F45-4E50-8B8F-EE3F1100C970}"
EndProject
Project("{9A19103F-16F7-4668-BE54-9A1E7A4F7556}") = "Core.Jobs", "examples\Core.Jobs\Core.Jobs.csproj", "{94966365-D4A8-46E8-B3ED-8341180A8942}"
EndProject
Project("{9A19103F-16F7-4668-BE54-9A1E7A4F7556}") = "NetCore.WebApi", "examples\NetCore.WebApi\NetCore.WebApi.csproj", "{EB269794-271C-4AB5-8F6B-4815C2921E48}"
EndProject
Project("{9A19103F-16F7-4668-BE54-9A1E7A4F7556}") = "Core.Ioc.Autofac", "examples\Core.Ioc.Autofac\Core.Ioc.Autofac.csproj", "{2ABCFE39-ED02-4B0D-B5BB-5F289DE9921D}"
EndProject
Project("{9A19103F-16F7-4668-BE54-9A1E7A4F7556}") = "Scheduler.Quartz.Ioc.ServiceProvider", "Scheduler.Quartz.Ioc.ServiceProvider\Scheduler.Quartz.Ioc.ServiceProvider.csproj", "{2CC849D3-4317-4D00-9379-43261212FFE6}"
EndProject
Project("{9A19103F-16F7-4668-BE54-9A1E7A4F7556}") = "NetCore.WebApi.ServiceProvider", "examples\NetCore.WebApi.ServiceProvider\NetCore.WebApi.ServiceProvider.csproj", "{BDD45856-AAC4-4DA1-B6EC-7D09BC7E3F86}"
EndProject
Project("{FAE04EC0-301F-11D3-BF4B-00C04F79EFBC}") = "NetCore.WebApi.ServiceProvider.InMemoryConfig", "examples\NetCore.WebApi.ServiceProvider.InMemoryConfig\NetCore.WebApi.ServiceProvider.InMemoryConfig.csproj", "{27BF2D8A-5F25-4479-8104-A6B2A78DAF95}"
EndProject
Global
	GlobalSection(SolutionConfigurationPlatforms) = preSolution
		Debug|Any CPU = Debug|Any CPU
		Release|Any CPU = Release|Any CPU
	EndGlobalSection
	GlobalSection(ProjectConfigurationPlatforms) = postSolution
		{A1DED17E-1952-4B91-946A-72EEBC191E8B}.Debug|Any CPU.ActiveCfg = Debug|Any CPU
		{A1DED17E-1952-4B91-946A-72EEBC191E8B}.Debug|Any CPU.Build.0 = Debug|Any CPU
		{A1DED17E-1952-4B91-946A-72EEBC191E8B}.Release|Any CPU.ActiveCfg = Release|Any CPU
		{A1DED17E-1952-4B91-946A-72EEBC191E8B}.Release|Any CPU.Build.0 = Release|Any CPU
		{035D88D2-C487-43E2-868A-05BA00B66FA7}.Debug|Any CPU.ActiveCfg = Debug|Any CPU
		{035D88D2-C487-43E2-868A-05BA00B66FA7}.Debug|Any CPU.Build.0 = Debug|Any CPU
		{035D88D2-C487-43E2-868A-05BA00B66FA7}.Release|Any CPU.ActiveCfg = Release|Any CPU
		{035D88D2-C487-43E2-868A-05BA00B66FA7}.Release|Any CPU.Build.0 = Release|Any CPU
		{54A89462-18A9-45E1-8A6E-70A8EFE74FD6}.Debug|Any CPU.ActiveCfg = Debug|Any CPU
		{54A89462-18A9-45E1-8A6E-70A8EFE74FD6}.Debug|Any CPU.Build.0 = Debug|Any CPU
		{54A89462-18A9-45E1-8A6E-70A8EFE74FD6}.Release|Any CPU.ActiveCfg = Release|Any CPU
		{54A89462-18A9-45E1-8A6E-70A8EFE74FD6}.Release|Any CPU.Build.0 = Release|Any CPU
		{AFC69B5C-15E2-4CF4-8306-F8184B72160F}.Debug|Any CPU.ActiveCfg = Debug|Any CPU
		{AFC69B5C-15E2-4CF4-8306-F8184B72160F}.Debug|Any CPU.Build.0 = Debug|Any CPU
		{AFC69B5C-15E2-4CF4-8306-F8184B72160F}.Release|Any CPU.ActiveCfg = Release|Any CPU
		{AFC69B5C-15E2-4CF4-8306-F8184B72160F}.Release|Any CPU.Build.0 = Release|Any CPU
		{210AB97C-0F45-4E50-8B8F-EE3F1100C970}.Debug|Any CPU.ActiveCfg = Debug|Any CPU
		{210AB97C-0F45-4E50-8B8F-EE3F1100C970}.Debug|Any CPU.Build.0 = Debug|Any CPU
		{210AB97C-0F45-4E50-8B8F-EE3F1100C970}.Release|Any CPU.ActiveCfg = Release|Any CPU
		{210AB97C-0F45-4E50-8B8F-EE3F1100C970}.Release|Any CPU.Build.0 = Release|Any CPU
		{94966365-D4A8-46E8-B3ED-8341180A8942}.Debug|Any CPU.ActiveCfg = Debug|Any CPU
		{94966365-D4A8-46E8-B3ED-8341180A8942}.Debug|Any CPU.Build.0 = Debug|Any CPU
		{94966365-D4A8-46E8-B3ED-8341180A8942}.Release|Any CPU.ActiveCfg = Release|Any CPU
		{94966365-D4A8-46E8-B3ED-8341180A8942}.Release|Any CPU.Build.0 = Release|Any CPU
		{EB269794-271C-4AB5-8F6B-4815C2921E48}.Debug|Any CPU.ActiveCfg = Debug|Any CPU
		{EB269794-271C-4AB5-8F6B-4815C2921E48}.Debug|Any CPU.Build.0 = Debug|Any CPU
		{EB269794-271C-4AB5-8F6B-4815C2921E48}.Release|Any CPU.ActiveCfg = Release|Any CPU
		{EB269794-271C-4AB5-8F6B-4815C2921E48}.Release|Any CPU.Build.0 = Release|Any CPU
		{2ABCFE39-ED02-4B0D-B5BB-5F289DE9921D}.Debug|Any CPU.ActiveCfg = Debug|Any CPU
		{2ABCFE39-ED02-4B0D-B5BB-5F289DE9921D}.Debug|Any CPU.Build.0 = Debug|Any CPU
		{2ABCFE39-ED02-4B0D-B5BB-5F289DE9921D}.Release|Any CPU.ActiveCfg = Release|Any CPU
		{2ABCFE39-ED02-4B0D-B5BB-5F289DE9921D}.Release|Any CPU.Build.0 = Release|Any CPU
		{2CC849D3-4317-4D00-9379-43261212FFE6}.Debug|Any CPU.ActiveCfg = Debug|Any CPU
		{2CC849D3-4317-4D00-9379-43261212FFE6}.Debug|Any CPU.Build.0 = Debug|Any CPU
		{2CC849D3-4317-4D00-9379-43261212FFE6}.Release|Any CPU.ActiveCfg = Release|Any CPU
		{2CC849D3-4317-4D00-9379-43261212FFE6}.Release|Any CPU.Build.0 = Release|Any CPU
		{BDD45856-AAC4-4DA1-B6EC-7D09BC7E3F86}.Debug|Any CPU.ActiveCfg = Debug|Any CPU
		{BDD45856-AAC4-4DA1-B6EC-7D09BC7E3F86}.Debug|Any CPU.Build.0 = Debug|Any CPU
		{BDD45856-AAC4-4DA1-B6EC-7D09BC7E3F86}.Release|Any CPU.ActiveCfg = Release|Any CPU
		{BDD45856-AAC4-4DA1-B6EC-7D09BC7E3F86}.Release|Any CPU.Build.0 = Release|Any CPU
		{27BF2D8A-5F25-4479-8104-A6B2A78DAF95}.Debug|Any CPU.ActiveCfg = Debug|Any CPU
		{27BF2D8A-5F25-4479-8104-A6B2A78DAF95}.Debug|Any CPU.Build.0 = Debug|Any CPU
		{27BF2D8A-5F25-4479-8104-A6B2A78DAF95}.Release|Any CPU.ActiveCfg = Release|Any CPU
		{27BF2D8A-5F25-4479-8104-A6B2A78DAF95}.Release|Any CPU.Build.0 = Release|Any CPU
	EndGlobalSection
	GlobalSection(SolutionProperties) = preSolution
		HideSolutionNode = FALSE
	EndGlobalSection
	GlobalSection(NestedProjects) = preSolution
		{54A89462-18A9-45E1-8A6E-70A8EFE74FD6} = {8C7888FD-0CDC-4CC0-9CE4-FE75D2483C53}
		{AFC69B5C-15E2-4CF4-8306-F8184B72160F} = {8C7888FD-0CDC-4CC0-9CE4-FE75D2483C53}
		{210AB97C-0F45-4E50-8B8F-EE3F1100C970} = {8C7888FD-0CDC-4CC0-9CE4-FE75D2483C53}
		{94966365-D4A8-46E8-B3ED-8341180A8942} = {8C7888FD-0CDC-4CC0-9CE4-FE75D2483C53}
		{EB269794-271C-4AB5-8F6B-4815C2921E48} = {8C7888FD-0CDC-4CC0-9CE4-FE75D2483C53}
		{2ABCFE39-ED02-4B0D-B5BB-5F289DE9921D} = {8C7888FD-0CDC-4CC0-9CE4-FE75D2483C53}
		{BDD45856-AAC4-4DA1-B6EC-7D09BC7E3F86} = {8C7888FD-0CDC-4CC0-9CE4-FE75D2483C53}
		{27BF2D8A-5F25-4479-8104-A6B2A78DAF95} = {8C7888FD-0CDC-4CC0-9CE4-FE75D2483C53}
	EndGlobalSection
	GlobalSection(ExtensibilityGlobals) = postSolution
		SolutionGuid = {59BEB306-F20F-4CE4-A5EC-908A9AAA11FB}
	EndGlobalSection
EndGlobal
